
Microsoft Visual Studio Solution File, Format Version 12.00
# Visual Studio Version 16
VisualStudioVersion = 16.0.31613.86
MinimumVisualStudioVersion = 10.0.40219.1
Project("{FAE04EC0-301F-11D3-BF4B-00C04F79EFBC}") = "Inmueble-forms", "Inmueble-forms.csproj", "{51F03314-DB2B-474C-A503-A58511AB7BCD}"
EndProject
Global
	GlobalSection(SolutionConfigurationPlatforms) = preSolution
		Debug|Any CPU = Debug|Any CPU
		Release|Any CPU = Release|Any CPU
	EndGlobalSection
	GlobalSection(ProjectConfigurationPlatforms) = postSolution
		{51F03314-DB2B-474C-A503-A58511AB7BCD}.Debug|Any CPU.ActiveCfg = Debug|Any CPU
		{51F03314-DB2B-474C-A503-A58511AB7BCD}.Debug|Any CPU.Build.0 = Debug|Any CPU
		{51F03314-DB2B-474C-A503-A58511AB7BCD}.Release|Any CPU.ActiveCfg = Release|Any CPU
		{51F03314-DB2B-474C-A503-A58511AB7BCD}.Release|Any CPU.Build.0 = Release|Any CPU
	EndGlobalSection
	GlobalSection(SolutionProperties) = preSolution
		HideSolutionNode = FALSE
	EndGlobalSection
	GlobalSection(ExtensibilityGlobals) = postSolution
		SolutionGuid = {4DC5620A-65F6-4D41-B669-20B5C0B64798}
	EndGlobalSection
EndGlobal
